{
  "version": 4,
  "terraform_version": "1.7.4",
  "serial": 97,
  "lineage": "6a5cad64-f769-a98c-80df-0a0e312bf2f2",
  "outputs": {
    "linux_Rg_location": {
      "value": "ukwest",
      "type": "string"
    },
    "linux_Rg_name": {
      "value": "linux-Rg",
      "type": "string"
    },
    "linux_availability_set": {
      "value": {
        "id": "/subscriptions/ff585585-cedc-4bd2-9275-17f382d071e9/resourceGroups/linux-Rg/providers/Microsoft.Compute/availabilitySets/lab-db1-u-vm",
        "location": "ukwest",
        "managed": true,
        "name": "lab-db1-u-vm",
        "platform_fault_domain_count": 2,
        "platform_update_domain_count": 5,
        "proximity_placement_group_id": null,
        "resource_group_name": "linux-Rg",
        "tags": null,
        "timeouts": null
      },
      "type": [
        "object",
        {
          "id": "string",
          "location": "string",
          "managed": "bool",
          "name": "string",
          "platform_fault_domain_count": "number",
          "platform_update_domain_count": "number",
          "proximity_placement_group_id": "string",
          "resource_group_name": "string",
          "tags": [
            "map",
            "string"
          ],
          "timeouts": [
            "object",
            {
              "create": "string",
              "delete": "string",
              "read": "string",
              "update": "string"
            }
          ]
        }
      ]
    },
    "linux_private_ip_address": {
      "value": [
        [
          "10.0.0.4",
          "10.0.0.5"
        ]
      ],
      "type": [
        "tuple",
        [
          [
            "tuple",
            [
              "string",
              "string"
            ]
          ]
        ]
      ]
    },
    "linux_public_ip_address": {
      "value": [
        [
          "51.140.255.189",
          "51.140.255.148"
        ]
      ],
      "type": [
        "tuple",
        [
          [
            "tuple",
            [
              "string",
              "string"
            ]
          ]
        ]
      ]
    },
    "linux_vm_fqdn": {
      "value": [
        [
          "n01605345-u-vm-1",
          "n01605345-u-vm-2"
        ]
      ],
      "type": [
        "tuple",
        [
          [
            "tuple",
            [
              "string",
              "string"
            ]
          ]
        ]
      ]
    },
    "linux_vm_hostname": {
      "value": [
        [
          "n01605345-u-vm-1",
          "n01605345-u-vm-2"
        ]
      ],
      "type": [
        "tuple",
        [
          [
            "tuple",
            [
              "string",
              "string"
            ]
          ]
        ]
      ]
    },
    "network_Rg_location": {
      "value": "ukwest",
      "type": "string"
    },
    "network_Rg_name": {
      "value": "network-Rg",
      "type": "string"
    },
    "network_security_group1_name": {
      "value": "network-nsg1",
      "type": "string"
    },
    "network_security_group2_name": {
      "value": "network-nsg2",
      "type": "string"
    },
    "subnet1_id": {
      "value": "/subscriptions/ff585585-cedc-4bd2-9275-17f382d071e9/resourceGroups/network-Rg/providers/Microsoft.Network/virtualNetworks/network-vnet/subnets/network-subnet1",
      "type": "string"
    },
    "subnet1_name": {
      "value": "network-subnet1",
      "type": "string"
    },
    "subnet2_name": {
      "value": "network-subnet2",
      "type": "string"
    },
    "subnet_address_space_1": {
      "value": [
        "10.0.0.0/24"
      ],
      "type": [
        "list",
        "string"
      ]
    },
    "subnet_address_space_2": {
      "value": [
        "10.0.0.0/24"
      ],
      "type": [
        "list",
        "string"
      ]
    },
    "virtual_network_address_space": {
      "value": [
        "10.0.0.0/16"
      ],
      "type": [
        "list",
        "string"
      ]
    },
    "virtual_network_name": {
      "value": "network-vnet",
      "type": "string"
    },
    "windows_Rg_location": {
      "value": "ukwest",
      "type": "string"
    },
    "windows_Rg_name": {
      "value": "windows-Rg",
      "type": "string"
    },
    "windows_availability_set": {
      "value": "lab-db1-u-vm",
      "type": "string"
    },
    "windows_private_ip_address": {
      "value": [
        "10.0.1.5",
        "10.0.1.4"
      ],
      "type": [
        "tuple",
        [
          "string",
          "string"
        ]
      ]
    },
    "windows_public_ip_address": {
      "value": [
        "51.140.254.191",
        "51.140.254.96"
      ],
      "type": [
        "tuple",
        [
          "string",
          "string"
        ]
      ]
    },
    "windows_vm_fqdn": {
      "value": [
        "n01605112-w-vm1.ukwest.cloudapp.azure.com",
        "n01605112-w-vm2.ukwest.cloudapp.azure.com"
      ],
      "type": [
        "tuple",
        [
          "string",
          "string"
        ]
      ]
    },
    "windows_vm_hostname": {
      "value": [
        "n01605112-w-vm1",
        "n01605112-w-vm2"
      ],
      "type": [
        "tuple",
        [
          "string",
          "string"
        ]
      ]
    }
  },
  "resources": [
    {
      "module": "module.linux",
      "mode": "managed",
      "type": "azurerm_availability_set",
      "name": "linux_avs",
      "provider": "provider[\"registry.terraform.io/hashicorp/azurerm\"]",
      "instances": [
        {
          "schema_version": 0,
          "attributes": {
            "id": "/subscriptions/ff585585-cedc-4bd2-9275-17f382d071e9/resourceGroups/linux-Rg/providers/Microsoft.Compute/availabilitySets/lab-db1-u-vm",
            "location": "ukwest",
            "managed": true,
            "name": "lab-db1-u-vm",
            "platform_fault_domain_count": 2,
            "platform_update_domain_count": 5,
            "proximity_placement_group_id": null,
            "resource_group_name": "linux-Rg",
            "tags": null,
            "timeouts": null
          },
          "sensitive_attributes": [],
          "private": "eyJlMmJmYjczMC1lY2FhLTExZTYtOGY4OC0zNDM2M2JjN2M0YzAiOnsiY3JlYXRlIjoxODAwMDAwMDAwMDAwLCJkZWxldGUiOjE4MDAwMDAwMDAwMDAsInJlYWQiOjMwMDAwMDAwMDAwMCwidXBkYXRlIjoxODAwMDAwMDAwMDAwfX0=",
          "dependencies": [
            "module.resource_group.azurerm_resource_group.linux-Rg"
          ]
        }
      ]
    },
    {
      "module": "module.linux",
      "mode": "managed",
      "type": "azurerm_linux_virtual_machine",
      "name": "vmlinux",
      "provider": "provider[\"registry.terraform.io/hashicorp/azurerm\"]",
      "instances": [
        {
          "index_key": 0,
          "schema_version": 0,
          "attributes": {
            "additional_capabilities": [],
            "admin_password": null,
            "admin_ssh_key": [
              {
                "public_key": "ssh-rsa AAAAB3NzaC1yc2EAAAADAQABAAABgQCq6lDT7nQJCPRNcPysOP0z/NcI0RFQTyYykrrWc4mR+j/SuGPYP0h/GV8RGAJXG/3D3fWJjqHR1HADd9amWqKYdNsh8PCNoM9w+w8csX8aYdqe7YaSoD6pP+bhtkUYK0b4Yv7Hgqo487/LmLPB+X6awGlBsdD24vyxYv2kwwUZCDsGhvvca4qZ3ehzlHWF3bC/72UIfC9Z9zsLA3PsCCLJrf/5TrsQi642XBZlkW4pyLnnqLBmRNEz2Nq9ZABCGlfaDFXH+GiVbKnlhyNqSMOwYVgLtyktzPiLz6A92FYwLQ3tkAUIJjxumPcyqVLXlJAfiF41S58ABDT3Tf0CT428V+cOP0ViSroyRZHsa7w6fG0vBtzI8yPagUZWgjgwAPWqLYiEkz3GVJcc8PKGm9dIShhKDLAXsEIbBEKI+8bSWmqmI/BrFISS4DH8vtoL6DVm/lyeUidet9orgcwY/gdNwDoP2JvwZ3bgOyn5E7Ji4q0DdCJ5nGcE5ZUiewMAWB8= uday@BackBench3r\n",
                "username": "uday"
              }
            ],
            "admin_username": "uday",
            "allow_extension_operations": true,
            "availability_set_id": "",
            "boot_diagnostics": [],
            "bypass_platform_safety_checks_on_user_schedule_enabled": false,
            "capacity_reservation_group_id": "",
            "computer_name": "n01605345-u-vm-1",
            "custom_data": null,
            "dedicated_host_group_id": "",
            "dedicated_host_id": "",
            "disable_password_authentication": true,
            "edge_zone": "",
            "encryption_at_host_enabled": false,
            "eviction_policy": "",
            "extensions_time_budget": "PT1H30M",
            "gallery_application": [],
            "id": "/subscriptions/ff585585-cedc-4bd2-9275-17f382d071e9/resourceGroups/linux-Rg/providers/Microsoft.Compute/virtualMachines/n01605345-u-vm-1",
            "identity": [],
            "license_type": "",
            "location": "ukwest",
            "max_bid_price": -1,
            "name": "n01605345-u-vm-1",
            "network_interface_ids": [
              "/subscriptions/ff585585-cedc-4bd2-9275-17f382d071e9/resourceGroups/linux-Rg/providers/Microsoft.Network/networkInterfaces/n01605345-u-vm-nic-2"
            ],
            "os_disk": [
              {
                "caching": "ReadWrite",
                "diff_disk_settings": [],
                "disk_encryption_set_id": "",
                "disk_size_gb": 32,
                "name": "n01605345-u-vm-os-disk-1",
                "secure_vm_disk_encryption_set_id": "",
                "security_encryption_type": "",
                "storage_account_type": "Premium_LRS",
                "write_accelerator_enabled": false
              }
            ],
            "patch_assessment_mode": "ImageDefault",
            "patch_mode": "ImageDefault",
            "plan": [],
            "platform_fault_domain": -1,
            "priority": "Regular",
            "private_ip_address": "10.0.0.4",
            "private_ip_addresses": [
              "10.0.0.4"
            ],
            "provision_vm_agent": true,
            "proximity_placement_group_id": "",
            "public_ip_address": "51.140.255.189",
            "public_ip_addresses": [
              "51.140.255.189"
            ],
            "reboot_setting": "",
            "resource_group_name": "linux-Rg",
            "secret": [],
            "secure_boot_enabled": false,
            "size": "Standard_B1s",
            "source_image_id": "",
            "source_image_reference": [
              {
                "offer": "UbuntuServer",
                "publisher": "Canonical",
                "sku": "19.04",
                "version": "latest"
              }
            ],
            "tags": {
              "ContactEmail": "n01605345@humber.ca",
              "Environment": "Lab",
              "Name": "Terraform_Lab",
              "Project": "Practice"
            },
            "termination_notification": null,
            "timeouts": null,
            "user_data": "",
            "virtual_machine_id": "d4a08cfc-41d6-40a7-a72f-6899771b71c1",
            "virtual_machine_scale_set_id": "",
            "vtpm_enabled": false,
            "zone": ""
          },
          "sensitive_attributes": [],
          "private": "eyJlMmJmYjczMC1lY2FhLTExZTYtOGY4OC0zNDM2M2JjN2M0YzAiOnsiY3JlYXRlIjoyNzAwMDAwMDAwMDAwLCJkZWxldGUiOjI3MDAwMDAwMDAwMDAsInJlYWQiOjMwMDAwMDAwMDAwMCwidXBkYXRlIjoyNzAwMDAwMDAwMDAwfX0=",
          "dependencies": [
            "module.linux.azurerm_network_interface.linux-nic",
            "module.linux.azurerm_public_ip.linux-pip",
            "module.network.azurerm_subnet.subnet1",
            "module.network.azurerm_virtual_network.vnet",
            "module.resource_group.azurerm_resource_group.linux-Rg",
            "module.resource_group.azurerm_resource_group.network-Rg"
          ]
        },
        {
          "index_key": 1,
          "schema_version": 0,
          "attributes": {
            "additional_capabilities": [],
            "admin_password": null,
            "admin_ssh_key": [
              {
                "public_key": "ssh-rsa AAAAB3NzaC1yc2EAAAADAQABAAABgQCq6lDT7nQJCPRNcPysOP0z/NcI0RFQTyYykrrWc4mR+j/SuGPYP0h/GV8RGAJXG/3D3fWJjqHR1HADd9amWqKYdNsh8PCNoM9w+w8csX8aYdqe7YaSoD6pP+bhtkUYK0b4Yv7Hgqo487/LmLPB+X6awGlBsdD24vyxYv2kwwUZCDsGhvvca4qZ3ehzlHWF3bC/72UIfC9Z9zsLA3PsCCLJrf/5TrsQi642XBZlkW4pyLnnqLBmRNEz2Nq9ZABCGlfaDFXH+GiVbKnlhyNqSMOwYVgLtyktzPiLz6A92FYwLQ3tkAUIJjxumPcyqVLXlJAfiF41S58ABDT3Tf0CT428V+cOP0ViSroyRZHsa7w6fG0vBtzI8yPagUZWgjgwAPWqLYiEkz3GVJcc8PKGm9dIShhKDLAXsEIbBEKI+8bSWmqmI/BrFISS4DH8vtoL6DVm/lyeUidet9orgcwY/gdNwDoP2JvwZ3bgOyn5E7Ji4q0DdCJ5nGcE5ZUiewMAWB8= uday@BackBench3r\n",
                "username": "uday"
              }
            ],
            "admin_username": "uday",
            "allow_extension_operations": true,
            "availability_set_id": "",
            "boot_diagnostics": [],
            "bypass_platform_safety_checks_on_user_schedule_enabled": false,
            "capacity_reservation_group_id": "",
            "computer_name": "n01605345-u-vm-2",
            "custom_data": null,
            "dedicated_host_group_id": "",
            "dedicated_host_id": "",
            "disable_password_authentication": true,
            "edge_zone": "",
            "encryption_at_host_enabled": false,
            "eviction_policy": "",
            "extensions_time_budget": "PT1H30M",
            "gallery_application": [],
            "id": "/subscriptions/ff585585-cedc-4bd2-9275-17f382d071e9/resourceGroups/linux-Rg/providers/Microsoft.Compute/virtualMachines/n01605345-u-vm-2",
            "identity": [],
            "license_type": "",
            "location": "ukwest",
            "max_bid_price": -1,
            "name": "n01605345-u-vm-2",
            "network_interface_ids": [
              "/subscriptions/ff585585-cedc-4bd2-9275-17f382d071e9/resourceGroups/linux-Rg/providers/Microsoft.Network/networkInterfaces/n01605345-u-vm-nic-1"
            ],
            "os_disk": [
              {
                "caching": "ReadWrite",
                "diff_disk_settings": [],
                "disk_encryption_set_id": "",
                "disk_size_gb": 32,
                "name": "n01605345-u-vm-os-disk-2",
                "secure_vm_disk_encryption_set_id": "",
                "security_encryption_type": "",
                "storage_account_type": "Premium_LRS",
                "write_accelerator_enabled": false
              }
            ],
            "patch_assessment_mode": "ImageDefault",
            "patch_mode": "ImageDefault",
            "plan": [],
            "platform_fault_domain": -1,
            "priority": "Regular",
            "private_ip_address": "10.0.0.5",
            "private_ip_addresses": [
              "10.0.0.5"
            ],
            "provision_vm_agent": true,
            "proximity_placement_group_id": "",
            "public_ip_address": "51.140.255.148",
            "public_ip_addresses": [
              "51.140.255.148"
            ],
            "reboot_setting": "",
            "resource_group_name": "linux-Rg",
            "secret": [],
            "secure_boot_enabled": false,
            "size": "Standard_B1s",
            "source_image_id": "",
            "source_image_reference": [
              {
                "offer": "UbuntuServer",
                "publisher": "Canonical",
                "sku": "19.04",
                "version": "latest"
              }
            ],
            "tags": {
              "ContactEmail": "n01605345@humber.ca",
              "Environment": "Lab",
              "Name": "Terraform_Lab",
              "Project": "Practice"
            },
            "termination_notification": null,
            "timeouts": null,
            "user_data": "",
            "virtual_machine_id": "bdb3c047-bb1e-4cf9-83ab-4fe5602c15a2",
            "virtual_machine_scale_set_id": "",
            "vtpm_enabled": false,
            "zone": ""
          },
          "sensitive_attributes": [],
          "private": "eyJlMmJmYjczMC1lY2FhLTExZTYtOGY4OC0zNDM2M2JjN2M0YzAiOnsiY3JlYXRlIjoyNzAwMDAwMDAwMDAwLCJkZWxldGUiOjI3MDAwMDAwMDAwMDAsInJlYWQiOjMwMDAwMDAwMDAwMCwidXBkYXRlIjoyNzAwMDAwMDAwMDAwfX0=",
          "dependencies": [
            "module.linux.azurerm_network_interface.linux-nic",
            "module.linux.azurerm_public_ip.linux-pip",
            "module.network.azurerm_subnet.subnet1",
            "module.network.azurerm_virtual_network.vnet",
            "module.resource_group.azurerm_resource_group.linux-Rg",
            "module.resource_group.azurerm_resource_group.network-Rg"
          ]
        }
      ]
    },
    {
      "module": "module.linux",
      "mode": "managed",
      "type": "azurerm_network_interface",
      "name": "linux-nic",
      "provider": "provider[\"registry.terraform.io/hashicorp/azurerm\"]",
      "instances": [
        {
          "index_key": 0,
          "schema_version": 0,
          "attributes": {
            "applied_dns_servers": [],
            "auxiliary_mode": "",
            "auxiliary_sku": "",
            "dns_servers": [],
            "edge_zone": "",
            "enable_accelerated_networking": false,
            "enable_ip_forwarding": false,
            "id": "/subscriptions/ff585585-cedc-4bd2-9275-17f382d071e9/resourceGroups/linux-Rg/providers/Microsoft.Network/networkInterfaces/n01605345-u-vm-nic-1",
            "internal_dns_name_label": "",
            "internal_domain_name_suffix": "epjkfyxjbj3evdbz3tqhpwlaid.cwx.internal.cloudapp.net",
            "ip_configuration": [
              {
                "gateway_load_balancer_frontend_ip_configuration_id": "",
                "name": "n01605345-u-vm-ipconfig-1",
                "primary": true,
                "private_ip_address": "10.0.0.5",
                "private_ip_address_allocation": "Dynamic",
                "private_ip_address_version": "IPv4",
                "public_ip_address_id": "/subscriptions/ff585585-cedc-4bd2-9275-17f382d071e9/resourceGroups/linux-Rg/providers/Microsoft.Network/publicIPAddresses/n01605345-u-vm-pip-2",
                "subnet_id": "/subscriptions/ff585585-cedc-4bd2-9275-17f382d071e9/resourceGroups/network-Rg/providers/Microsoft.Network/virtualNetworks/network-vnet/subnets/network-subnet1"
              }
            ],
            "location": "ukwest",
            "mac_address": "",
            "name": "n01605345-u-vm-nic-1",
            "private_ip_address": "10.0.0.5",
            "private_ip_addresses": [
              "10.0.0.5"
            ],
            "resource_group_name": "linux-Rg",
            "tags": {
              "ContactEmail": "n01605345@humber.ca",
              "Environment": "Lab",
              "Name": "Terraform_Lab",
              "Project": "Practice"
            },
            "timeouts": null,
            "virtual_machine_id": ""
          },
          "sensitive_attributes": [],
          "private": "eyJlMmJmYjczMC1lY2FhLTExZTYtOGY4OC0zNDM2M2JjN2M0YzAiOnsiY3JlYXRlIjoxODAwMDAwMDAwMDAwLCJkZWxldGUiOjE4MDAwMDAwMDAwMDAsInJlYWQiOjMwMDAwMDAwMDAwMCwidXBkYXRlIjoxODAwMDAwMDAwMDAwfX0=",
          "dependencies": [
            "module.linux.azurerm_public_ip.linux-pip",
            "module.network.azurerm_subnet.subnet1",
            "module.network.azurerm_virtual_network.vnet",
            "module.resource_group.azurerm_resource_group.linux-Rg",
            "module.resource_group.azurerm_resource_group.network-Rg"
          ]
        },
        {
          "index_key": 1,
          "schema_version": 0,
          "attributes": {
            "applied_dns_servers": [],
            "auxiliary_mode": "",
            "auxiliary_sku": "",
            "dns_servers": [],
            "edge_zone": "",
            "enable_accelerated_networking": false,
            "enable_ip_forwarding": false,
            "id": "/subscriptions/ff585585-cedc-4bd2-9275-17f382d071e9/resourceGroups/linux-Rg/providers/Microsoft.Network/networkInterfaces/n01605345-u-vm-nic-2",
            "internal_dns_name_label": "",
            "internal_domain_name_suffix": "epjkfyxjbj3evdbz3tqhpwlaid.cwx.internal.cloudapp.net",
            "ip_configuration": [
              {
                "gateway_load_balancer_frontend_ip_configuration_id": "",
                "name": "n01605345-u-vm-ipconfig-2",
                "primary": true,
                "private_ip_address": "10.0.0.4",
                "private_ip_address_allocation": "Dynamic",
                "private_ip_address_version": "IPv4",
                "public_ip_address_id": "/subscriptions/ff585585-cedc-4bd2-9275-17f382d071e9/resourceGroups/linux-Rg/providers/Microsoft.Network/publicIPAddresses/n01605345-u-vm-pip-1",
                "subnet_id": "/subscriptions/ff585585-cedc-4bd2-9275-17f382d071e9/resourceGroups/network-Rg/providers/Microsoft.Network/virtualNetworks/network-vnet/subnets/network-subnet1"
              }
            ],
            "location": "ukwest",
            "mac_address": "",
            "name": "n01605345-u-vm-nic-2",
            "private_ip_address": "10.0.0.4",
            "private_ip_addresses": [
              "10.0.0.4"
            ],
            "resource_group_name": "linux-Rg",
            "tags": {
              "ContactEmail": "n01605345@humber.ca",
              "Environment": "Lab",
              "Name": "Terraform_Lab",
              "Project": "Practice"
            },
            "timeouts": null,
            "virtual_machine_id": ""
          },
          "sensitive_attributes": [],
          "private": "eyJlMmJmYjczMC1lY2FhLTExZTYtOGY4OC0zNDM2M2JjN2M0YzAiOnsiY3JlYXRlIjoxODAwMDAwMDAwMDAwLCJkZWxldGUiOjE4MDAwMDAwMDAwMDAsInJlYWQiOjMwMDAwMDAwMDAwMCwidXBkYXRlIjoxODAwMDAwMDAwMDAwfX0=",
          "dependencies": [
            "module.linux.azurerm_public_ip.linux-pip",
            "module.network.azurerm_subnet.subnet1",
            "module.network.azurerm_virtual_network.vnet",
            "module.resource_group.azurerm_resource_group.linux-Rg",
            "module.resource_group.azurerm_resource_group.network-Rg"
          ]
        }
      ]
    },
    {
      "module": "module.linux",
      "mode": "managed",
      "type": "azurerm_public_ip",
      "name": "linux-pip",
      "provider": "provider[\"registry.terraform.io/hashicorp/azurerm\"]",
      "instances": [
        {
          "index_key": 0,
          "schema_version": 0,
          "attributes": {
            "allocation_method": "Dynamic",
            "ddos_protection_mode": "VirtualNetworkInherited",
            "ddos_protection_plan_id": null,
            "domain_name_label": "n01605345-u-vm-1",
            "edge_zone": "",
            "fqdn": "n01605345-u-vm-1.ukwest.cloudapp.azure.com",
            "id": "/subscriptions/ff585585-cedc-4bd2-9275-17f382d071e9/resourceGroups/linux-Rg/providers/Microsoft.Network/publicIPAddresses/n01605345-u-vm-pip-1",
            "idle_timeout_in_minutes": 4,
            "ip_address": "",
            "ip_tags": null,
            "ip_version": "IPv4",
            "location": "ukwest",
            "name": "n01605345-u-vm-pip-1",
            "public_ip_prefix_id": null,
            "resource_group_name": "linux-Rg",
            "reverse_fqdn": "",
            "sku": "Basic",
            "sku_tier": "Regional",
            "tags": {
              "ContactEmail": "n01605345@humber.ca",
              "Environment": "Lab",
              "Name": "Terraform_Lab",
              "Project": "Practice"
            },
            "timeouts": null,
            "zones": null
          },
          "sensitive_attributes": [],
          "private": "eyJlMmJmYjczMC1lY2FhLTExZTYtOGY4OC0zNDM2M2JjN2M0YzAiOnsiY3JlYXRlIjoxODAwMDAwMDAwMDAwLCJkZWxldGUiOjE4MDAwMDAwMDAwMDAsInJlYWQiOjMwMDAwMDAwMDAwMCwidXBkYXRlIjoxODAwMDAwMDAwMDAwfX0=",
          "dependencies": [
            "module.resource_group.azurerm_resource_group.linux-Rg"
          ]
        },
        {
          "index_key": 1,
          "schema_version": 0,
          "attributes": {
            "allocation_method": "Dynamic",
            "ddos_protection_mode": "VirtualNetworkInherited",
            "ddos_protection_plan_id": null,
            "domain_name_label": "n01605345-u-vm-2",
            "edge_zone": "",
            "fqdn": "n01605345-u-vm-2.ukwest.cloudapp.azure.com",
            "id": "/subscriptions/ff585585-cedc-4bd2-9275-17f382d071e9/resourceGroups/linux-Rg/providers/Microsoft.Network/publicIPAddresses/n01605345-u-vm-pip-2",
            "idle_timeout_in_minutes": 4,
            "ip_address": "",
            "ip_tags": null,
            "ip_version": "IPv4",
            "location": "ukwest",
            "name": "n01605345-u-vm-pip-2",
            "public_ip_prefix_id": null,
            "resource_group_name": "linux-Rg",
            "reverse_fqdn": "",
            "sku": "Basic",
            "sku_tier": "Regional",
            "tags": {
              "ContactEmail": "n01605345@humber.ca",
              "Environment": "Lab",
              "Name": "Terraform_Lab",
              "Project": "Practice"
            },
            "timeouts": null,
            "zones": null
          },
          "sensitive_attributes": [],
          "private": "eyJlMmJmYjczMC1lY2FhLTExZTYtOGY4OC0zNDM2M2JjN2M0YzAiOnsiY3JlYXRlIjoxODAwMDAwMDAwMDAwLCJkZWxldGUiOjE4MDAwMDAwMDAwMDAsInJlYWQiOjMwMDAwMDAwMDAwMCwidXBkYXRlIjoxODAwMDAwMDAwMDAwfX0=",
          "dependencies": [
            "module.resource_group.azurerm_resource_group.linux-Rg"
          ]
        }
      ]
    },
    {
      "module": "module.linux",
      "mode": "managed",
      "type": "null_resource",
      "name": "linux_provisioner",
      "provider": "provider[\"registry.terraform.io/hashicorp/null\"]",
      "instances": [
        {
          "index_key": 0,
          "schema_version": 0,
          "attributes": {
            "id": "517191912459690688",
            "triggers": null
          },
          "sensitive_attributes": [],
          "dependencies": [
            "module.linux.azurerm_linux_virtual_machine.vmlinux",
            "module.linux.azurerm_network_interface.linux-nic",
            "module.linux.azurerm_public_ip.linux-pip",
            "module.network.azurerm_subnet.subnet1",
            "module.network.azurerm_virtual_network.vnet",
            "module.resource_group.azurerm_resource_group.linux-Rg",
            "module.resource_group.azurerm_resource_group.network-Rg"
          ]
        },
        {
          "index_key": 1,
          "schema_version": 0,
          "attributes": {
            "id": "6516513778632068481",
            "triggers": null
          },
          "sensitive_attributes": [],
          "dependencies": [
            "module.linux.azurerm_linux_virtual_machine.vmlinux",
            "module.linux.azurerm_network_interface.linux-nic",
            "module.linux.azurerm_public_ip.linux-pip",
            "module.network.azurerm_subnet.subnet1",
            "module.network.azurerm_virtual_network.vnet",
            "module.resource_group.azurerm_resource_group.linux-Rg",
            "module.resource_group.azurerm_resource_group.network-Rg"
          ]
        }
      ]
    },
    {
      "module": "module.network",
      "mode": "managed",
      "type": "azurerm_network_security_group",
      "name": "nsg1",
      "provider": "provider[\"registry.terraform.io/hashicorp/azurerm\"]",
      "instances": [
        {
          "schema_version": 0,
          "attributes": {
            "id": "/subscriptions/ff585585-cedc-4bd2-9275-17f382d071e9/resourceGroups/network-Rg/providers/Microsoft.Network/networkSecurityGroups/network-nsg1",
            "location": "ukwest",
            "name": "network-nsg1",
            "resource_group_name": "network-Rg",
            "security_rule": [
              {
                "access": "Allow",
                "description": "",
                "destination_address_prefix": "*",
                "destination_address_prefixes": [],
                "destination_application_security_group_ids": [],
                "destination_port_range": "22",
                "destination_port_ranges": [],
                "direction": "Inbound",
                "name": "rule1",
                "priority": 100,
                "protocol": "Tcp",
                "source_address_prefix": "*",
                "source_address_prefixes": [],
                "source_application_security_group_ids": [],
                "source_port_range": "*",
                "source_port_ranges": []
              }
            ],
            "tags": null,
            "timeouts": null
          },
          "sensitive_attributes": [],
          "private": "eyJlMmJmYjczMC1lY2FhLTExZTYtOGY4OC0zNDM2M2JjN2M0YzAiOnsiY3JlYXRlIjoxODAwMDAwMDAwMDAwLCJkZWxldGUiOjE4MDAwMDAwMDAwMDAsInJlYWQiOjMwMDAwMDAwMDAwMCwidXBkYXRlIjoxODAwMDAwMDAwMDAwfX0=",
          "dependencies": [
            "module.resource_group.azurerm_resource_group.network-Rg"
          ]
        }
      ]
    },
    {
      "module": "module.network",
      "mode": "managed",
      "type": "azurerm_network_security_group",
      "name": "nsg2",
      "provider": "provider[\"registry.terraform.io/hashicorp/azurerm\"]",
      "instances": [
        {
          "schema_version": 0,
          "attributes": {
            "id": "/subscriptions/ff585585-cedc-4bd2-9275-17f382d071e9/resourceGroups/network-Rg/providers/Microsoft.Network/networkSecurityGroups/network-nsg2",
            "location": "ukwest",
            "name": "network-nsg2",
            "resource_group_name": "network-Rg",
            "security_rule": [
              {
                "access": "Allow",
                "description": "",
                "destination_address_prefix": "*",
                "destination_address_prefixes": [],
                "destination_application_security_group_ids": [],
                "destination_port_range": "3389",
                "destination_port_ranges": [],
                "direction": "Inbound",
                "name": "rule1",
                "priority": 100,
                "protocol": "Tcp",
                "source_address_prefix": "*",
                "source_address_prefixes": [],
                "source_application_security_group_ids": [],
                "source_port_range": "*",
                "source_port_ranges": []
              },
              {
                "access": "Allow",
                "description": "",
                "destination_address_prefix": "*",
                "destination_address_prefixes": [],
                "destination_application_security_group_ids": [],
                "destination_port_range": "5985",
                "destination_port_ranges": [],
                "direction": "Inbound",
                "name": "rule2",
                "priority": 200,
                "protocol": "Tcp",
                "source_address_prefix": "*",
                "source_address_prefixes": [],
                "source_application_security_group_ids": [],
                "source_port_range": "*",
                "source_port_ranges": []
              }
            ],
            "tags": null,
            "timeouts": null
          },
          "sensitive_attributes": [],
          "private": "eyJlMmJmYjczMC1lY2FhLTExZTYtOGY4OC0zNDM2M2JjN2M0YzAiOnsiY3JlYXRlIjoxODAwMDAwMDAwMDAwLCJkZWxldGUiOjE4MDAwMDAwMDAwMDAsInJlYWQiOjMwMDAwMDAwMDAwMCwidXBkYXRlIjoxODAwMDAwMDAwMDAwfX0=",
          "dependencies": [
            "module.resource_group.azurerm_resource_group.network-Rg"
          ]
        }
      ]
    },
    {
      "module": "module.network",
      "mode": "managed",
      "type": "azurerm_subnet",
      "name": "subnet1",
      "provider": "provider[\"registry.terraform.io/hashicorp/azurerm\"]",
      "instances": [
        {
          "schema_version": 0,
          "attributes": {
            "address_prefixes": [
              "10.0.0.0/24"
            ],
            "delegation": [],
            "enforce_private_link_endpoint_network_policies": false,
            "enforce_private_link_service_network_policies": false,
            "id": "/subscriptions/ff585585-cedc-4bd2-9275-17f382d071e9/resourceGroups/network-Rg/providers/Microsoft.Network/virtualNetworks/network-vnet/subnets/network-subnet1",
            "name": "network-subnet1",
            "private_endpoint_network_policies_enabled": true,
            "private_link_service_network_policies_enabled": true,
            "resource_group_name": "network-Rg",
            "service_endpoint_policy_ids": null,
            "service_endpoints": null,
            "timeouts": null,
            "virtual_network_name": "network-vnet"
          },
          "sensitive_attributes": [],
          "private": "eyJlMmJmYjczMC1lY2FhLTExZTYtOGY4OC0zNDM2M2JjN2M0YzAiOnsiY3JlYXRlIjoxODAwMDAwMDAwMDAwLCJkZWxldGUiOjE4MDAwMDAwMDAwMDAsInJlYWQiOjMwMDAwMDAwMDAwMCwidXBkYXRlIjoxODAwMDAwMDAwMDAwfX0=",
          "dependencies": [
            "module.network.azurerm_virtual_network.vnet",
            "module.resource_group.azurerm_resource_group.network-Rg"
          ]
        }
      ]
    },
    {
      "module": "module.network",
      "mode": "managed",
      "type": "azurerm_subnet",
      "name": "subnet2",
      "provider": "provider[\"registry.terraform.io/hashicorp/azurerm\"]",
      "instances": [
        {
          "schema_version": 0,
          "attributes": {
            "address_prefixes": [
              "10.0.1.0/24"
            ],
            "delegation": [],
            "enforce_private_link_endpoint_network_policies": false,
            "enforce_private_link_service_network_policies": false,
            "id": "/subscriptions/ff585585-cedc-4bd2-9275-17f382d071e9/resourceGroups/network-Rg/providers/Microsoft.Network/virtualNetworks/network-vnet/subnets/network-subnet2",
            "name": "network-subnet2",
            "private_endpoint_network_policies_enabled": true,
            "private_link_service_network_policies_enabled": true,
            "resource_group_name": "network-Rg",
            "service_endpoint_policy_ids": null,
            "service_endpoints": null,
            "timeouts": null,
            "virtual_network_name": "network-vnet"
          },
          "sensitive_attributes": [],
          "private": "eyJlMmJmYjczMC1lY2FhLTExZTYtOGY4OC0zNDM2M2JjN2M0YzAiOnsiY3JlYXRlIjoxODAwMDAwMDAwMDAwLCJkZWxldGUiOjE4MDAwMDAwMDAwMDAsInJlYWQiOjMwMDAwMDAwMDAwMCwidXBkYXRlIjoxODAwMDAwMDAwMDAwfX0=",
          "dependencies": [
            "module.network.azurerm_virtual_network.vnet",
            "module.resource_group.azurerm_resource_group.network-Rg"
          ]
        }
      ]
    },
    {
      "module": "module.network",
      "mode": "managed",
      "type": "azurerm_subnet_network_security_group_association",
      "name": "nsg1asso",
      "provider": "provider[\"registry.terraform.io/hashicorp/azurerm\"]",
      "instances": [
        {
          "schema_version": 0,
          "attributes": {
            "id": "/subscriptions/ff585585-cedc-4bd2-9275-17f382d071e9/resourceGroups/network-Rg/providers/Microsoft.Network/virtualNetworks/network-vnet/subnets/network-subnet1",
            "network_security_group_id": "/subscriptions/ff585585-cedc-4bd2-9275-17f382d071e9/resourceGroups/network-Rg/providers/Microsoft.Network/networkSecurityGroups/network-nsg1",
            "subnet_id": "/subscriptions/ff585585-cedc-4bd2-9275-17f382d071e9/resourceGroups/network-Rg/providers/Microsoft.Network/virtualNetworks/network-vnet/subnets/network-subnet1",
            "timeouts": null
          },
          "sensitive_attributes": [],
          "private": "eyJlMmJmYjczMC1lY2FhLTExZTYtOGY4OC0zNDM2M2JjN2M0YzAiOnsiY3JlYXRlIjoxODAwMDAwMDAwMDAwLCJkZWxldGUiOjE4MDAwMDAwMDAwMDAsInJlYWQiOjMwMDAwMDAwMDAwMH19",
          "dependencies": [
            "module.network.azurerm_network_security_group.nsg1",
            "module.network.azurerm_subnet.subnet1",
            "module.network.azurerm_virtual_network.vnet",
            "module.resource_group.azurerm_resource_group.network-Rg"
          ]
        }
      ]
    },
    {
      "module": "module.network",
      "mode": "managed",
      "type": "azurerm_subnet_network_security_group_association",
      "name": "nsg2asso",
      "provider": "provider[\"registry.terraform.io/hashicorp/azurerm\"]",
      "instances": [
        {
          "schema_version": 0,
          "attributes": {
            "id": "/subscriptions/ff585585-cedc-4bd2-9275-17f382d071e9/resourceGroups/network-Rg/providers/Microsoft.Network/virtualNetworks/network-vnet/subnets/network-subnet2",
            "network_security_group_id": "/subscriptions/ff585585-cedc-4bd2-9275-17f382d071e9/resourceGroups/network-Rg/providers/Microsoft.Network/networkSecurityGroups/network-nsg2",
            "subnet_id": "/subscriptions/ff585585-cedc-4bd2-9275-17f382d071e9/resourceGroups/network-Rg/providers/Microsoft.Network/virtualNetworks/network-vnet/subnets/network-subnet2",
            "timeouts": null
          },
          "sensitive_attributes": [],
          "private": "eyJlMmJmYjczMC1lY2FhLTExZTYtOGY4OC0zNDM2M2JjN2M0YzAiOnsiY3JlYXRlIjoxODAwMDAwMDAwMDAwLCJkZWxldGUiOjE4MDAwMDAwMDAwMDAsInJlYWQiOjMwMDAwMDAwMDAwMH19",
          "dependencies": [
            "module.network.azurerm_network_security_group.nsg2",
            "module.network.azurerm_subnet.subnet2",
            "module.network.azurerm_virtual_network.vnet",
            "module.resource_group.azurerm_resource_group.network-Rg"
          ]
        }
      ]
    },
    {
      "module": "module.network",
      "mode": "managed",
      "type": "azurerm_virtual_network",
      "name": "vnet",
      "provider": "provider[\"registry.terraform.io/hashicorp/azurerm\"]",
      "instances": [
        {
          "schema_version": 0,
          "attributes": {
            "address_space": [
              "10.0.0.0/16"
            ],
            "bgp_community": "",
            "ddos_protection_plan": [],
            "dns_servers": [],
            "edge_zone": "",
            "encryption": [],
            "flow_timeout_in_minutes": 0,
            "guid": "e2a2d223-0ae9-4a7a-8c39-ece077d96043",
            "id": "/subscriptions/ff585585-cedc-4bd2-9275-17f382d071e9/resourceGroups/network-Rg/providers/Microsoft.Network/virtualNetworks/network-vnet",
            "location": "ukwest",
            "name": "network-vnet",
            "resource_group_name": "network-Rg",
            "subnet": [],
            "tags": null,
            "timeouts": null
          },
          "sensitive_attributes": [],
          "private": "eyJlMmJmYjczMC1lY2FhLTExZTYtOGY4OC0zNDM2M2JjN2M0YzAiOnsiY3JlYXRlIjoxODAwMDAwMDAwMDAwLCJkZWxldGUiOjE4MDAwMDAwMDAwMDAsInJlYWQiOjMwMDAwMDAwMDAwMCwidXBkYXRlIjoxODAwMDAwMDAwMDAwfX0=",
          "dependencies": [
            "module.resource_group.azurerm_resource_group.network-Rg"
          ]
        }
      ]
    },
    {
      "module": "module.resource_group",
      "mode": "managed",
      "type": "azurerm_resource_group",
      "name": "linux-Rg",
      "provider": "provider[\"registry.terraform.io/hashicorp/azurerm\"]",
      "instances": [
        {
          "schema_version": 0,
          "attributes": {
            "id": "/subscriptions/ff585585-cedc-4bd2-9275-17f382d071e9/resourceGroups/linux-Rg",
            "location": "ukwest",
            "managed_by": "",
            "name": "linux-Rg",
            "tags": null,
            "timeouts": null
          },
          "sensitive_attributes": [],
          "private": "eyJlMmJmYjczMC1lY2FhLTExZTYtOGY4OC0zNDM2M2JjN2M0YzAiOnsiY3JlYXRlIjo1NDAwMDAwMDAwMDAwLCJkZWxldGUiOjU0MDAwMDAwMDAwMDAsInJlYWQiOjMwMDAwMDAwMDAwMCwidXBkYXRlIjo1NDAwMDAwMDAwMDAwfX0="
        }
      ]
    },
    {
      "module": "module.resource_group",
      "mode": "managed",
      "type": "azurerm_resource_group",
      "name": "network-Rg",
      "provider": "provider[\"registry.terraform.io/hashicorp/azurerm\"]",
      "instances": [
        {
          "schema_version": 0,
          "attributes": {
            "id": "/subscriptions/ff585585-cedc-4bd2-9275-17f382d071e9/resourceGroups/network-Rg",
            "location": "ukwest",
            "managed_by": "",
            "name": "network-Rg",
            "tags": null,
            "timeouts": null
          },
          "sensitive_attributes": [],
          "private": "eyJlMmJmYjczMC1lY2FhLTExZTYtOGY4OC0zNDM2M2JjN2M0YzAiOnsiY3JlYXRlIjo1NDAwMDAwMDAwMDAwLCJkZWxldGUiOjU0MDAwMDAwMDAwMDAsInJlYWQiOjMwMDAwMDAwMDAwMCwidXBkYXRlIjo1NDAwMDAwMDAwMDAwfX0="
        }
      ]
    },
    {
      "module": "module.resource_group",
      "mode": "managed",
      "type": "azurerm_resource_group",
      "name": "windows-Rg",
      "provider": "provider[\"registry.terraform.io/hashicorp/azurerm\"]",
      "instances": [
        {
          "schema_version": 0,
          "attributes": {
            "id": "/subscriptions/ff585585-cedc-4bd2-9275-17f382d071e9/resourceGroups/windows-Rg",
            "location": "ukwest",
            "managed_by": "",
            "name": "windows-Rg",
            "tags": null,
            "timeouts": null
          },
          "sensitive_attributes": [],
          "private": "eyJlMmJmYjczMC1lY2FhLTExZTYtOGY4OC0zNDM2M2JjN2M0YzAiOnsiY3JlYXRlIjo1NDAwMDAwMDAwMDAwLCJkZWxldGUiOjU0MDAwMDAwMDAwMDAsInJlYWQiOjMwMDAwMDAwMDAwMCwidXBkYXRlIjo1NDAwMDAwMDAwMDAwfX0="
        }
      ]
    },
    {
      "module": "module.windows",
      "mode": "managed",
      "type": "azurerm_availability_set",
      "name": "windows_avs",
      "provider": "provider[\"registry.terraform.io/hashicorp/azurerm\"]",
      "instances": [
        {
          "schema_version": 0,
          "attributes": {
            "id": "/subscriptions/ff585585-cedc-4bd2-9275-17f382d071e9/resourceGroups/windows-Rg/providers/Microsoft.Compute/availabilitySets/lab-db1-u-vm",
            "location": "ukwest",
            "managed": true,
            "name": "lab-db1-u-vm",
            "platform_fault_domain_count": 2,
            "platform_update_domain_count": 5,
            "proximity_placement_group_id": null,
            "resource_group_name": "windows-Rg",
            "tags": null,
            "timeouts": null
          },
          "sensitive_attributes": [],
          "private": "eyJlMmJmYjczMC1lY2FhLTExZTYtOGY4OC0zNDM2M2JjN2M0YzAiOnsiY3JlYXRlIjoxODAwMDAwMDAwMDAwLCJkZWxldGUiOjE4MDAwMDAwMDAwMDAsInJlYWQiOjMwMDAwMDAwMDAwMCwidXBkYXRlIjoxODAwMDAwMDAwMDAwfX0=",
          "dependencies": [
            "module.resource_group.azurerm_resource_group.windows-Rg"
          ]
        }
      ]
    },
    {
      "module": "module.windows",
      "mode": "managed",
      "type": "azurerm_network_interface",
      "name": "windows-nic",
      "provider": "provider[\"registry.terraform.io/hashicorp/azurerm\"]",
      "instances": [
        {
          "index_key": "n01605112-w-vm1",
          "schema_version": 0,
          "attributes": {
            "applied_dns_servers": [],
            "auxiliary_mode": "",
            "auxiliary_sku": "",
            "dns_servers": [],
            "edge_zone": "",
            "enable_accelerated_networking": false,
            "enable_ip_forwarding": false,
            "id": "/subscriptions/ff585585-cedc-4bd2-9275-17f382d071e9/resourceGroups/windows-Rg/providers/Microsoft.Network/networkInterfaces/n01605112-w-vm1-nic",
            "internal_dns_name_label": "",
            "internal_domain_name_suffix": "epjkfyxjbj3evdbz3tqhpwlaid.cwx.internal.cloudapp.net",
            "ip_configuration": [
              {
                "gateway_load_balancer_frontend_ip_configuration_id": "",
                "name": "n01605112-w-vm1-ipconfig",
                "primary": true,
                "private_ip_address": "10.0.1.5",
                "private_ip_address_allocation": "Dynamic",
                "private_ip_address_version": "IPv4",
                "public_ip_address_id": "/subscriptions/ff585585-cedc-4bd2-9275-17f382d071e9/resourceGroups/windows-Rg/providers/Microsoft.Network/publicIPAddresses/n01605112-w-vm1-pip",
                "subnet_id": "/subscriptions/ff585585-cedc-4bd2-9275-17f382d071e9/resourceGroups/network-Rg/providers/Microsoft.Network/virtualNetworks/network-vnet/subnets/network-subnet2"
              }
            ],
            "location": "ukwest",
            "mac_address": "",
            "name": "n01605112-w-vm1-nic",
            "private_ip_address": "10.0.1.5",
            "private_ip_addresses": [
              "10.0.1.5"
            ],
            "resource_group_name": "windows-Rg",
            "tags": null,
            "timeouts": null,
            "virtual_machine_id": ""
          },
          "sensitive_attributes": [],
          "private": "eyJlMmJmYjczMC1lY2FhLTExZTYtOGY4OC0zNDM2M2JjN2M0YzAiOnsiY3JlYXRlIjoxODAwMDAwMDAwMDAwLCJkZWxldGUiOjE4MDAwMDAwMDAwMDAsInJlYWQiOjMwMDAwMDAwMDAwMCwidXBkYXRlIjoxODAwMDAwMDAwMDAwfX0=",
          "dependencies": [
            "module.network.azurerm_subnet.subnet2",
            "module.network.azurerm_virtual_network.vnet",
            "module.resource_group.azurerm_resource_group.network-Rg",
            "module.resource_group.azurerm_resource_group.windows-Rg",
            "module.windows.azurerm_public_ip.windows-pip"
          ]
        },
        {
          "index_key": "n01605112-w-vm2",
          "schema_version": 0,
          "attributes": {
            "applied_dns_servers": [],
            "auxiliary_mode": "",
            "auxiliary_sku": "",
            "dns_servers": [],
            "edge_zone": "",
            "enable_accelerated_networking": false,
            "enable_ip_forwarding": false,
            "id": "/subscriptions/ff585585-cedc-4bd2-9275-17f382d071e9/resourceGroups/windows-Rg/providers/Microsoft.Network/networkInterfaces/n01605112-w-vm2-nic",
            "internal_dns_name_label": "",
            "internal_domain_name_suffix": "epjkfyxjbj3evdbz3tqhpwlaid.cwx.internal.cloudapp.net",
            "ip_configuration": [
              {
                "gateway_load_balancer_frontend_ip_configuration_id": "",
                "name": "n01605112-w-vm2-ipconfig",
                "primary": true,
                "private_ip_address": "10.0.1.4",
                "private_ip_address_allocation": "Dynamic",
                "private_ip_address_version": "IPv4",
                "public_ip_address_id": "/subscriptions/ff585585-cedc-4bd2-9275-17f382d071e9/resourceGroups/windows-Rg/providers/Microsoft.Network/publicIPAddresses/n01605112-w-vm2-pip",
                "subnet_id": "/subscriptions/ff585585-cedc-4bd2-9275-17f382d071e9/resourceGroups/network-Rg/providers/Microsoft.Network/virtualNetworks/network-vnet/subnets/network-subnet2"
              }
            ],
            "location": "ukwest",
            "mac_address": "",
            "name": "n01605112-w-vm2-nic",
            "private_ip_address": "10.0.1.4",
            "private_ip_addresses": [
              "10.0.1.4"
            ],
            "resource_group_name": "windows-Rg",
            "tags": null,
            "timeouts": null,
            "virtual_machine_id": ""
          },
          "sensitive_attributes": [],
          "private": "eyJlMmJmYjczMC1lY2FhLTExZTYtOGY4OC0zNDM2M2JjN2M0YzAiOnsiY3JlYXRlIjoxODAwMDAwMDAwMDAwLCJkZWxldGUiOjE4MDAwMDAwMDAwMDAsInJlYWQiOjMwMDAwMDAwMDAwMCwidXBkYXRlIjoxODAwMDAwMDAwMDAwfX0=",
          "dependencies": [
            "module.network.azurerm_subnet.subnet2",
            "module.network.azurerm_virtual_network.vnet",
            "module.resource_group.azurerm_resource_group.network-Rg",
            "module.resource_group.azurerm_resource_group.windows-Rg",
            "module.windows.azurerm_public_ip.windows-pip"
          ]
        }
      ]
    },
    {
      "module": "module.windows",
      "mode": "managed",
      "type": "azurerm_public_ip",
      "name": "windows-pip",
      "provider": "provider[\"registry.terraform.io/hashicorp/azurerm\"]",
      "instances": [
        {
          "index_key": "n01605112-w-vm1",
          "schema_version": 0,
          "attributes": {
            "allocation_method": "Dynamic",
            "ddos_protection_mode": "VirtualNetworkInherited",
            "ddos_protection_plan_id": null,
            "domain_name_label": "n01605112-w-vm1",
            "edge_zone": "",
            "fqdn": "n01605112-w-vm1.ukwest.cloudapp.azure.com",
            "id": "/subscriptions/ff585585-cedc-4bd2-9275-17f382d071e9/resourceGroups/windows-Rg/providers/Microsoft.Network/publicIPAddresses/n01605112-w-vm1-pip",
            "idle_timeout_in_minutes": 4,
            "ip_address": "",
            "ip_tags": null,
            "ip_version": "IPv4",
            "location": "ukwest",
            "name": "n01605112-w-vm1-pip",
            "public_ip_prefix_id": null,
            "resource_group_name": "windows-Rg",
            "reverse_fqdn": "",
            "sku": "Basic",
            "sku_tier": "Regional",
            "tags": null,
            "timeouts": null,
            "zones": null
          },
          "sensitive_attributes": [],
          "private": "eyJlMmJmYjczMC1lY2FhLTExZTYtOGY4OC0zNDM2M2JjN2M0YzAiOnsiY3JlYXRlIjoxODAwMDAwMDAwMDAwLCJkZWxldGUiOjE4MDAwMDAwMDAwMDAsInJlYWQiOjMwMDAwMDAwMDAwMCwidXBkYXRlIjoxODAwMDAwMDAwMDAwfX0=",
          "dependencies": [
            "module.resource_group.azurerm_resource_group.windows-Rg"
          ]
        },
        {
          "index_key": "n01605112-w-vm2",
          "schema_version": 0,
          "attributes": {
            "allocation_method": "Dynamic",
            "ddos_protection_mode": "VirtualNetworkInherited",
            "ddos_protection_plan_id": null,
            "domain_name_label": "n01605112-w-vm2",
            "edge_zone": "",
            "fqdn": "n01605112-w-vm2.ukwest.cloudapp.azure.com",
            "id": "/subscriptions/ff585585-cedc-4bd2-9275-17f382d071e9/resourceGroups/windows-Rg/providers/Microsoft.Network/publicIPAddresses/n01605112-w-vm2-pip",
            "idle_timeout_in_minutes": 4,
            "ip_address": "",
            "ip_tags": null,
            "ip_version": "IPv4",
            "location": "ukwest",
            "name": "n01605112-w-vm2-pip",
            "public_ip_prefix_id": null,
            "resource_group_name": "windows-Rg",
            "reverse_fqdn": "",
            "sku": "Basic",
            "sku_tier": "Regional",
            "tags": null,
            "timeouts": null,
            "zones": null
          },
          "sensitive_attributes": [],
          "private": "eyJlMmJmYjczMC1lY2FhLTExZTYtOGY4OC0zNDM2M2JjN2M0YzAiOnsiY3JlYXRlIjoxODAwMDAwMDAwMDAwLCJkZWxldGUiOjE4MDAwMDAwMDAwMDAsInJlYWQiOjMwMDAwMDAwMDAwMCwidXBkYXRlIjoxODAwMDAwMDAwMDAwfX0=",
          "dependencies": [
            "module.resource_group.azurerm_resource_group.windows-Rg"
          ]
        }
      ]
    },
    {
      "module": "module.windows",
      "mode": "managed",
      "type": "azurerm_windows_virtual_machine",
      "name": "vmwindows",
      "provider": "provider[\"registry.terraform.io/hashicorp/azurerm\"]",
      "instances": [
        {
          "index_key": "n01605112-w-vm1",
          "schema_version": 0,
          "attributes": {
            "additional_capabilities": [],
            "additional_unattend_content": [],
            "admin_password": "Krishna@2110",
            "admin_username": "uday",
            "allow_extension_operations": true,
            "availability_set_id": "",
            "boot_diagnostics": [],
            "bypass_platform_safety_checks_on_user_schedule_enabled": false,
            "capacity_reservation_group_id": "",
            "computer_name": "n01605112-w-vm1",
            "custom_data": null,
            "dedicated_host_group_id": "",
            "dedicated_host_id": "",
            "edge_zone": "",
            "enable_automatic_updates": true,
            "encryption_at_host_enabled": false,
            "eviction_policy": "",
            "extensions_time_budget": "PT1H30M",
            "gallery_application": [],
            "hotpatching_enabled": false,
            "id": "/subscriptions/ff585585-cedc-4bd2-9275-17f382d071e9/resourceGroups/windows-Rg/providers/Microsoft.Compute/virtualMachines/n01605112-w-vm1",
            "identity": [],
            "license_type": "",
            "location": "ukwest",
            "max_bid_price": -1,
            "name": "n01605112-w-vm1",
            "network_interface_ids": [
              "/subscriptions/ff585585-cedc-4bd2-9275-17f382d071e9/resourceGroups/windows-Rg/providers/Microsoft.Network/networkInterfaces/n01605112-w-vm1-nic"
            ],
            "os_disk": [
              {
                "caching": "ReadWrite",
                "diff_disk_settings": [],
                "disk_encryption_set_id": "",
                "disk_size_gb": 128,
                "name": "n01605112-w-vm1-os-disk",
                "secure_vm_disk_encryption_set_id": "",
                "security_encryption_type": "",
                "storage_account_type": "StandardSSD_LRS",
                "write_accelerator_enabled": false
              }
            ],
            "patch_assessment_mode": "ImageDefault",
            "patch_mode": "AutomaticByOS",
            "plan": [],
            "platform_fault_domain": -1,
            "priority": "Regular",
            "private_ip_address": "10.0.1.5",
            "private_ip_addresses": [
              "10.0.1.5"
            ],
            "provision_vm_agent": true,
            "proximity_placement_group_id": "",
            "public_ip_address": "51.140.254.191",
            "public_ip_addresses": [
              "51.140.254.191"
            ],
            "reboot_setting": "",
            "resource_group_name": "windows-Rg",
            "secret": [],
            "secure_boot_enabled": false,
            "size": "Standard_B1s",
            "source_image_id": "",
            "source_image_reference": [
              {
                "offer": "WindowsServer",
                "publisher": "MicrosoftWindowsServer",
                "sku": "2016-Datacenter",
                "version": "latest"
              }
            ],
            "tags": null,
            "termination_notification": null,
            "timeouts": null,
            "timezone": "",
            "user_data": "",
            "virtual_machine_id": "4b766a14-9eaf-4189-bbf6-cee7f85822a3",
            "virtual_machine_scale_set_id": "",
            "vtpm_enabled": false,
            "winrm_listener": [
              {
                "certificate_url": "",
                "protocol": "Http"
              }
            ],
            "zone": ""
          },
          "sensitive_attributes": [],
          "private": "eyJlMmJmYjczMC1lY2FhLTExZTYtOGY4OC0zNDM2M2JjN2M0YzAiOnsiY3JlYXRlIjoyNzAwMDAwMDAwMDAwLCJkZWxldGUiOjI3MDAwMDAwMDAwMDAsInJlYWQiOjMwMDAwMDAwMDAwMCwidXBkYXRlIjoyNzAwMDAwMDAwMDAwfX0=",
          "dependencies": [
            "module.network.azurerm_subnet.subnet2",
            "module.network.azurerm_virtual_network.vnet",
            "module.resource_group.azurerm_resource_group.network-Rg",
            "module.resource_group.azurerm_resource_group.windows-Rg",
            "module.windows.azurerm_network_interface.windows-nic",
            "module.windows.azurerm_public_ip.windows-pip"
          ]
        },
        {
          "index_key": "n01605112-w-vm2",
          "schema_version": 0,
          "attributes": {
            "additional_capabilities": [],
            "additional_unattend_content": [],
            "admin_password": "Krishna@2110",
            "admin_username": "uday",
            "allow_extension_operations": true,
            "availability_set_id": "",
            "boot_diagnostics": [],
            "bypass_platform_safety_checks_on_user_schedule_enabled": false,
            "capacity_reservation_group_id": "",
            "computer_name": "n01605112-w-vm2",
            "custom_data": null,
            "dedicated_host_group_id": "",
            "dedicated_host_id": "",
            "edge_zone": "",
            "enable_automatic_updates": true,
            "encryption_at_host_enabled": false,
            "eviction_policy": "",
            "extensions_time_budget": "PT1H30M",
            "gallery_application": [],
            "hotpatching_enabled": false,
            "id": "/subscriptions/ff585585-cedc-4bd2-9275-17f382d071e9/resourceGroups/windows-Rg/providers/Microsoft.Compute/virtualMachines/n01605112-w-vm2",
            "identity": [],
            "license_type": "",
            "location": "ukwest",
            "max_bid_price": -1,
            "name": "n01605112-w-vm2",
            "network_interface_ids": [
              "/subscriptions/ff585585-cedc-4bd2-9275-17f382d071e9/resourceGroups/windows-Rg/providers/Microsoft.Network/networkInterfaces/n01605112-w-vm2-nic"
            ],
            "os_disk": [
              {
                "caching": "ReadWrite",
                "diff_disk_settings": [],
                "disk_encryption_set_id": "",
                "disk_size_gb": 128,
                "name": "n01605112-w-vm2-os-disk",
                "secure_vm_disk_encryption_set_id": "",
                "security_encryption_type": "",
                "storage_account_type": "StandardSSD_LRS",
                "write_accelerator_enabled": false
              }
            ],
            "patch_assessment_mode": "ImageDefault",
            "patch_mode": "AutomaticByOS",
            "plan": [],
            "platform_fault_domain": -1,
            "priority": "Regular",
            "private_ip_address": "10.0.1.4",
            "private_ip_addresses": [
              "10.0.1.4"
            ],
            "provision_vm_agent": true,
            "proximity_placement_group_id": "",
            "public_ip_address": "51.140.254.96",
            "public_ip_addresses": [
              "51.140.254.96"
            ],
            "reboot_setting": "",
            "resource_group_name": "windows-Rg",
            "secret": [],
            "secure_boot_enabled": false,
            "size": "Standard_B1ms",
            "source_image_id": "",
            "source_image_reference": [
              {
                "offer": "WindowsServer",
                "publisher": "MicrosoftWindowsServer",
                "sku": "2016-Datacenter",
                "version": "latest"
              }
            ],
            "tags": null,
            "termination_notification": null,
            "timeouts": null,
            "timezone": "",
            "user_data": "",
            "virtual_machine_id": "36721b88-3f6a-4896-b566-652efbff3936",
            "virtual_machine_scale_set_id": "",
            "vtpm_enabled": false,
            "winrm_listener": [
              {
                "certificate_url": "",
                "protocol": "Http"
              }
            ],
            "zone": ""
          },
          "sensitive_attributes": [],
          "private": "eyJlMmJmYjczMC1lY2FhLTExZTYtOGY4OC0zNDM2M2JjN2M0YzAiOnsiY3JlYXRlIjoyNzAwMDAwMDAwMDAwLCJkZWxldGUiOjI3MDAwMDAwMDAwMDAsInJlYWQiOjMwMDAwMDAwMDAwMCwidXBkYXRlIjoyNzAwMDAwMDAwMDAwfX0=",
          "dependencies": [
            "module.network.azurerm_subnet.subnet2",
            "module.network.azurerm_virtual_network.vnet",
            "module.resource_group.azurerm_resource_group.network-Rg",
            "module.resource_group.azurerm_resource_group.windows-Rg",
            "module.windows.azurerm_network_interface.windows-nic",
            "module.windows.azurerm_public_ip.windows-pip"
          ]
        }
      ]
    }
  ],
  "check_results": null
}
